{
  "name": "@etzhayyim/kotoba-kotodama-host-sdk",
  "version": "1.0.0",
  "lockfileVersion": 3,
  "requires": true,
  "packages": {
    "": {
      "name": "@etzhayyim/kotoba-kotodama-host-sdk",
      "version": "1.0.0",
      "license": "UNLICENSED",
      "dependencies": {
        "@etzhayyim/xrpc": "workspace:*",
        "hono": "^4.7.0"
      },
      "devDependencies": {
        "vitest": "^1.6.1"
      }
    },
    "../../../../node_modules/.pnpm/@etzhayyim+xrpc@file+packages+rust+kotoba-kotodama+xrpc/node_modules/@etzhayyim/xrpc": {
      "version": "1.0.0",
      "extraneous": true,
      "license": "UNLICENSED"
    },
    "../../../../node_modules/.pnpm/vitest@1.6.1_@types+node@25.3.0_happy-dom@20.6.3_bufferutil@4.1.0_utf-8-validate@5.0.10_bac2e48bb86a0bf71cbbcfece81143ab/node_modules/vitest": {
      "version": "1.6.1",
      "dev": true,
      "license": "MIT",
      "dependencies": {
        "@vitest/expect": "1.6.1",
        "@vitest/runner": "1.6.1",
        "@vitest/snapshot": "1.6.1",
        "@vitest/spy": "1.6.1",
        "@vitest/utils": "1.6.1",
        "acorn-walk": "^8.3.2",
        "chai": "^4.3.10",
        "debug": "^4.3.4",
        "execa": "^8.0.1",
        "local-pkg": "^0.5.0",
        "magic-string": "^0.30.5",
        "pathe": "^1.1.1",
        "picocolors": "^1.0.0",
        "std-env": "^3.5.0",
        "strip-literal": "^2.0.0",
        "tinybench": "^2.5.1",
        "tinypool": "^0.8.3",
        "vite": "^5.0.0",
        "vite-node": "1.6.1",
        "why-is-node-running": "^2.2.2"
      },
      "bin": {
        "vitest": "vitest.mjs"
      },
      "devDependencies": {
        "@ampproject/remapping": "^2.2.1",
        "@antfu/install-pkg": "^0.3.1",
        "@edge-runtime/vm": "^3.1.8",
        "@sinonjs/fake-timers": "11.1.0",
        "@types/estree": "^1.0.5",
        "@types/istanbul-lib-coverage": "^2.0.6",
        "@types/istanbul-reports": "^3.0.4",
        "@types/jsdom": "^21.1.6",
        "@types/micromatch": "^4.0.6",
        "@types/node": "^20.11.5",
        "@types/prompts": "^2.4.9",
        "@types/sinonjs__fake-timers": "^8.1.5",
        "birpc": "0.2.15",
        "cac": "^6.7.14",
        "chai-subset": "^1.6.0",
        "cli-truncate": "^4.0.0",
        "expect-type": "^0.17.3",
        "fast-glob": "^3.3.2",
        "find-up": "^6.3.0",
        "flatted": "^3.2.9",
        "get-tsconfig": "^4.7.3",
        "happy-dom": "^14.3.10",
        "jsdom": "^24.0.0",
        "log-update": "^5.0.1",
        "micromatch": "^4.0.5",
        "p-limit": "^5.0.0",
        "pretty-format": "^29.7.0",
        "prompts": "^2.4.2",
        "strip-ansi": "^7.1.0",
        "ws": "^8.14.2"
      },
      "engines": {
        "node": "^18.0.0 || >=20.0.0"
      },
      "funding": {
        "url": "https://opencollective.com/vitest"
      },
      "peerDependencies": {
        "@edge-runtime/vm": "*",
        "@types/node": "^18.0.0 || >=20.0.0",
        "@vitest/browser": "1.6.1",
        "@vitest/ui": "1.6.1",
        "happy-dom": "*",
        "jsdom": "*"
      },
      "peerDependenciesMeta": {
        "@edge-runtime/vm": {
          "optional": true
        },
        "@types/node": {
          "optional": true
        },
        "@vitest/browser": {
          "optional": true
        },
        "@vitest/ui": {
          "optional": true
        },
        "happy-dom": {
          "optional": true
        },
        "jsdom": {
          "optional": true
        }
      }
    },
    "../xrpc": {
      "name": "@etzhayyim/xrpc",
      "version": "1.0.0",
      "license": "UNLICENSED"
    },
    "node_modules/@etzhayyim/xrpc": {
      "resolved": "../xrpc",
      "link": true
    },
    "node_modules/hono": {
      "version": "4.12.10",
      "resolved": "https://registry.npmjs.org/hono/-/hono-4.12.10.tgz",
      "integrity": "sha512-mx/p18PLy5og9ufies2GOSUqep98Td9q4i/EF6X7yJgAiIopxqdfIO3jbqsi3jRgTgw88jMDEzVKi+V2EF+27w==",
      "license": "MIT",
      "engines": {
        "node": ">=16.9.0"
      }
    },
    "node_modules/vitest": {
      "resolved": "../../../../node_modules/.pnpm/vitest@1.6.1_@types+node@25.3.0_happy-dom@20.6.3_bufferutil@4.1.0_utf-8-validate@5.0.10_bac2e48bb86a0bf71cbbcfece81143ab/node_modules/vitest",
      "link": true
    }
  }
}
